// !$*UTF8*$!
{
	archiveVersion = 1;
	classes = {
	};
	objectVersion = 56;
	objects = {

/* Begin PBXBuildFile section */
		2D36A05D2A55B1AE00B419A2 /* AppDelegate.swift in Sources */ = {isa = PBXBuildFile; fileRef = 2D36A05C2A55B1AE00B419A2 /* AppDelegate.swift */; };
		2D36A05F2A55B1AE00B419A2 /* SceneDelegate.swift in Sources */ = {isa = PBXBuildFile; fileRef = 2D36A05E2A55B1AE00B419A2 /* SceneDelegate.swift */; };
		2D36A0612A55B1AE00B419A2 /* ViewController.swift in Sources */ = {isa = PBXBuildFile; fileRef = 2D36A0602A55B1AE00B419A2 /* ViewController.swift */; };
		2D36A0642A55B1AE00B419A2 /* Main.storyboard in Resources */ = {isa = PBXBuildFile; fileRef = 2D36A0622A55B1AE00B419A2 /* Main.storyboard */; };
		2D36A0662A55B1B000B419A2 /* Assets.xcassets in Resources */ = {isa = PBXBuildFile; fileRef = 2D36A0652A55B1B000B419A2 /* Assets.xcassets */; };
		2D36A0692A55B1B000B419A2 /* LaunchScreen.storyboard in Resources */ = {isa = PBXBuildFile; fileRef = 2D36A0672A55B1B000B419A2 /* LaunchScreen.storyboard */; };
		2D5CD8032A56CA200028C1E2 /* CalculatorLogic.swift in Sources */ = {isa = PBXBuildFile; fileRef = 2D5CD8022A56CA200028C1E2 /* CalculatorLogic.swift */; };
		2DDDF6C92A5D87F00057447E /* AC.wav in Resources */ = {isa = PBXBuildFile; fileRef = 2DDDF6B62A5D87ED0057447E /* AC.wav */; };
		2DDDF6CA2A5D87F00057447E /* percent.wav in Resources */ = {isa = PBXBuildFile; fileRef = 2DDDF6B72A5D87ED0057447E /* percent.wav */; };
		2DDDF6CB2A5D87F00057447E /* point.wav in Resources */ = {isa = PBXBuildFile; fileRef = 2DDDF6B82A5D87ED0057447E /* point.wav */; };
		2DDDF6CC2A5D87F00057447E /* equal.wav in Resources */ = {isa = PBXBuildFile; fileRef = 2DDDF6B92A5D87ED0057447E /* equal.wav */; };
		2DDDF6CD2A5D87F00057447E /* 2.wav in Resources */ = {isa = PBXBuildFile; fileRef = 2DDDF6BA2A5D87ED0057447E /* 2.wav */; };
		2DDDF6CE2A5D87F00057447E /* plus-minus.wav in Resources */ = {isa = PBXBuildFile; fileRef = 2DDDF6BB2A5D87EE0057447E /* plus-minus.wav */; };
		2DDDF6CF2A5D87F00057447E /* subtraction.wav in Resources */ = {isa = PBXBuildFile; fileRef = 2DDDF6BC2A5D87EE0057447E /* subtraction.wav */; };
		2DDDF6D02A5D87F00057447E /* 1.wav in Resources */ = {isa = PBXBuildFile; fileRef = 2DDDF6BD2A5D87EE0057447E /* 1.wav */; };
		2DDDF6D12A5D87F00057447E /* 8.wav in Resources */ = {isa = PBXBuildFile; fileRef = 2DDDF6BE2A5D87EE0057447E /* 8.wav */; };
		2DDDF6D22A5D87F00057447E /* addition.wav in Resources */ = {isa = PBXBuildFile; fileRef = 2DDDF6BF2A5D87EE0057447E /* addition.wav */; };
		2DDDF6D32A5D87F00057447E /* 3.wav in Resources */ = {isa = PBXBuildFile; fileRef = 2DDDF6C02A5D87EE0057447E /* 3.wav */; };
		2DDDF6D42A5D87F00057447E /* multiplication.wav in Resources */ = {isa = PBXBuildFile; fileRef = 2DDDF6C12A5D87EF0057447E /* multiplication.wav */; };
		2DDDF6D52A5D87F00057447E /* 6.wav in Resources */ = {isa = PBXBuildFile; fileRef = 2DDDF6C22A5D87EF0057447E /* 6.wav */; };
		2DDDF6D62A5D87F00057447E /* 7.wav in Resources */ = {isa = PBXBuildFile; fileRef = 2DDDF6C32A5D87EF0057447E /* 7.wav */; };
		2DDDF6D72A5D87F00057447E /* 9.wav in Resources */ = {isa = PBXBuildFile; fileRef = 2DDDF6C42A5D87EF0057447E /* 9.wav */; };
		2DDDF6D82A5D87F00057447E /* 0.wav in Resources */ = {isa = PBXBuildFile; fileRef = 2DDDF6C52A5D87EF0057447E /* 0.wav */; };
		2DDDF6D92A5D87F00057447E /* 5.wav in Resources */ = {isa = PBXBuildFile; fileRef = 2DDDF6C62A5D87EF0057447E /* 5.wav */; };
		2DDDF6DA2A5D87F00057447E /* division.wav in Resources */ = {isa = PBXBuildFile; fileRef = 2DDDF6C72A5D87F00057447E /* division.wav */; };
		2DDDF6DB2A5D87F00057447E /* 4.wav in Resources */ = {isa = PBXBuildFile; fileRef = 2DDDF6C82A5D87F00057447E /* 4.wav */; };
/* End PBXBuildFile section */

/* Begin PBXFileReference section */
		2D36A0592A55B1AE00B419A2 /* BattleCalculator.app */ = {isa = PBXFileReference; explicitFileType = wrapper.application; includeInIndex = 0; path = BattleCalculator.app; sourceTree = BUILT_PRODUCTS_DIR; };
		2D36A05C2A55B1AE00B419A2 /* AppDelegate.swift */ = {isa = PBXFileReference; lastKnownFileType = sourcecode.swift; path = AppDelegate.swift; sourceTree = "<group>"; };
		2D36A05E2A55B1AE00B419A2 /* SceneDelegate.swift */ = {isa = PBXFileReference; lastKnownFileType = sourcecode.swift; path = SceneDelegate.swift; sourceTree = "<group>"; };
		2D36A0602A55B1AE00B419A2 /* ViewController.swift */ = {isa = PBXFileReference; lastKnownFileType = sourcecode.swift; path = ViewController.swift; sourceTree = "<group>"; };
		2D36A0632A55B1AE00B419A2 /* Base */ = {isa = PBXFileReference; lastKnownFileType = file.storyboard; name = Base; path = Base.lproj/Main.storyboard; sourceTree = "<group>"; };
		2D36A0652A55B1B000B419A2 /* Assets.xcassets */ = {isa = PBXFileReference; lastKnownFileType = folder.assetcatalog; path = Assets.xcassets; sourceTree = "<group>"; };
		2D36A0682A55B1B000B419A2 /* Base */ = {isa = PBXFileReference; lastKnownFileType = file.storyboard; name = Base; path = Base.lproj/LaunchScreen.storyboard; sourceTree = "<group>"; };
		2D36A06A2A55B1B000B419A2 /* Info.plist */ = {isa = PBXFileReference; lastKnownFileType = text.plist.xml; path = Info.plist; sourceTree = "<group>"; };
		2D5CD8022A56CA200028C1E2 /* CalculatorLogic.swift */ = {isa = PBXFileReference; lastKnownFileType = sourcecode.swift; path = CalculatorLogic.swift; sourceTree = "<group>"; };
		2DDDF6B62A5D87ED0057447E /* AC.wav */ = {isa = PBXFileReference; lastKnownFileType = audio.wav; name = AC.wav; path = BattleCalculator/Sounds/AC.wav; sourceTree = SOURCE_ROOT; };
		2DDDF6B72A5D87ED0057447E /* percent.wav */ = {isa = PBXFileReference; lastKnownFileType = audio.wav; name = percent.wav; path = BattleCalculator/Sounds/percent.wav; sourceTree = SOURCE_ROOT; };
		2DDDF6B82A5D87ED0057447E /* point.wav */ = {isa = PBXFileReference; lastKnownFileType = audio.wav; name = point.wav; path = BattleCalculator/Sounds/point.wav; sourceTree = SOURCE_ROOT; };
		2DDDF6B92A5D87ED0057447E /* equal.wav */ = {isa = PBXFileReference; lastKnownFileType = audio.wav; name = equal.wav; path = BattleCalculator/Sounds/equal.wav; sourceTree = SOURCE_ROOT; };
		2DDDF6BA2A5D87ED0057447E /* 2.wav */ = {isa = PBXFileReference; lastKnownFileType = audio.wav; name = 2.wav; path = BattleCalculator/Sounds/2.wav; sourceTree = SOURCE_ROOT; };
		2DDDF6BB2A5D87EE0057447E /* plus-minus.wav */ = {isa = PBXFileReference; lastKnownFileType = audio.wav; name = "plus-minus.wav"; path = "BattleCalculator/Sounds/plus-minus.wav"; sourceTree = SOURCE_ROOT; };
		2DDDF6BC2A5D87EE0057447E /* subtraction.wav */ = {isa = PBXFileReference; lastKnownFileType = audio.wav; name = subtraction.wav; path = BattleCalculator/Sounds/subtraction.wav; sourceTree = SOURCE_ROOT; };
		2DDDF6BD2A5D87EE0057447E /* 1.wav */ = {isa = PBXFileReference; lastKnownFileType = audio.wav; name = 1.wav; path = BattleCalculator/Sounds/1.wav; sourceTree = SOURCE_ROOT; };
		2DDDF6BE2A5D87EE0057447E /* 8.wav */ = {isa = PBXFileReference; lastKnownFileType = audio.wav; name = 8.wav; path = BattleCalculator/Sounds/8.wav; sourceTree = SOURCE_ROOT; };
		2DDDF6BF2A5D87EE0057447E /* addition.wav */ = {isa = PBXFileReference; lastKnownFileType = audio.wav; name = addition.wav; path = BattleCalculator/Sounds/addition.wav; sourceTree = SOURCE_ROOT; };
		2DDDF6C02A5D87EE0057447E /* 3.wav */ = {isa = PBXFileReference; lastKnownFileType = audio.wav; name = 3.wav; path = BattleCalculator/Sounds/3.wav; sourceTree = SOURCE_ROOT; };
		2DDDF6C12A5D87EF0057447E /* multiplication.wav */ = {isa = PBXFileReference; lastKnownFileType = audio.wav; name = multiplication.wav; path = BattleCalculator/Sounds/multiplication.wav; sourceTree = SOURCE_ROOT; };
		2DDDF6C22A5D87EF0057447E /* 6.wav */ = {isa = PBXFileReference; lastKnownFileType = audio.wav; name = 6.wav; path = BattleCalculator/Sounds/6.wav; sourceTree = SOURCE_ROOT; };
		2DDDF6C32A5D87EF0057447E /* 7.wav */ = {isa = PBXFileReference; lastKnownFileType = audio.wav; name = 7.wav; path = BattleCalculator/Sounds/7.wav; sourceTree = SOURCE_ROOT; };
		2DDDF6C42A5D87EF0057447E /* 9.wav */ = {isa = PBXFileReference; lastKnownFileType = audio.wav; name = 9.wav; path = BattleCalculator/Sounds/9.wav; sourceTree = SOURCE_ROOT; };
		2DDDF6C52A5D87EF0057447E /* 0.wav */ = {isa = PBXFileReference; lastKnownFileType = audio.wav; name = 0.wav; path = BattleCalculator/Sounds/0.wav; sourceTree = SOURCE_ROOT; };
		2DDDF6C62A5D87EF0057447E /* 5.wav */ = {isa = PBXFileReference; lastKnownFileType = audio.wav; name = 5.wav; path = BattleCalculator/Sounds/5.wav; sourceTree = SOURCE_ROOT; };
		2DDDF6C72A5D87F00057447E /* division.wav */ = {isa = PBXFileReference; lastKnownFileType = audio.wav; name = division.wav; path = BattleCalculator/Sounds/division.wav; sourceTree = SOURCE_ROOT; };
		2DDDF6C82A5D87F00057447E /* 4.wav */ = {isa = PBXFileReference; lastKnownFileType = audio.wav; name = 4.wav; path = BattleCalculator/Sounds/4.wav; sourceTree = SOURCE_ROOT; };
/* End PBXFileReference section */

/* Begin PBXFrameworksBuildPhase section */
		2D36A0562A55B1AE00B419A2 /* Frameworks */ = {
			isa = PBXFrameworksBuildPhase;
			buildActionMask = 2147483647;
			files = (
			);
			runOnlyForDeploymentPostprocessing = 0;
		};
/* End PBXFrameworksBuildPhase section */

/* Begin PBXGroup section */
		2D36A0502A55B1AE00B419A2 = {
			isa = PBXGroup;
			children = (
				2D36A05B2A55B1AE00B419A2 /* BattleCalculator */,
				2D36A05A2A55B1AE00B419A2 /* Products */,
			);
			sourceTree = "<group>";
		};
		2D36A05A2A55B1AE00B419A2 /* Products */ = {
			isa = PBXGroup;
			children = (
				2D36A0592A55B1AE00B419A2 /* BattleCalculator.app */,
			);
			name = Products;
			sourceTree = "<group>";
		};
		2D36A05B2A55B1AE00B419A2 /* BattleCalculator */ = {
			isa = PBXGroup;
			children = (
				2D5CD7FF2A56C9880028C1E2 /* Model */,
				2D5CD8012A56C9AE0028C1E2 /* View */,
				2D5CD8002A56C99B0028C1E2 /* Controller */,
				2D36A05C2A55B1AE00B419A2 /* AppDelegate.swift */,
				2D36A05E2A55B1AE00B419A2 /* SceneDelegate.swift */,
				2D36A0652A55B1B000B419A2 /* Assets.xcassets */,
				2D36A0672A55B1B000B419A2 /* LaunchScreen.storyboard */,
				2D36A06A2A55B1B000B419A2 /* Info.plist */,
				2DD0DF7A2A5C51E400673709 /* Sounds */,
			);
			path = BattleCalculator;
			sourceTree = "<group>";
		};
		2D5CD7FF2A56C9880028C1E2 /* Model */ = {
			isa = PBXGroup;
			children = (
				2D5CD8022A56CA200028C1E2 /* CalculatorLogic.swift */,
			);
			path = Model;
			sourceTree = "<group>";
		};
		2D5CD8002A56C99B0028C1E2 /* Controller */ = {
			isa = PBXGroup;
			children = (
				2D36A0622A55B1AE00B419A2 /* Main.storyboard */,
			);
			path = Controller;
			sourceTree = "<group>";
		};
		2D5CD8012A56C9AE0028C1E2 /* View */ = {
			isa = PBXGroup;
			children = (
				2D36A0602A55B1AE00B419A2 /* ViewController.swift */,
			);
			path = View;
			sourceTree = "<group>";
		};
		2DD0DF7A2A5C51E400673709 /* Sounds */ = {
			isa = PBXGroup;
			children = (
				2DDDF6C52A5D87EF0057447E /* 0.wav */,
				2DDDF6BD2A5D87EE0057447E /* 1.wav */,
				2DDDF6BA2A5D87ED0057447E /* 2.wav */,
				2DDDF6C02A5D87EE0057447E /* 3.wav */,
				2DDDF6C82A5D87F00057447E /* 4.wav */,
				2DDDF6C62A5D87EF0057447E /* 5.wav */,
				2DDDF6C22A5D87EF0057447E /* 6.wav */,
				2DDDF6C32A5D87EF0057447E /* 7.wav */,
				2DDDF6BE2A5D87EE0057447E /* 8.wav */,
				2DDDF6C42A5D87EF0057447E /* 9.wav */,
				2DDDF6B62A5D87ED0057447E /* AC.wav */,
				2DDDF6BF2A5D87EE0057447E /* addition.wav */,
				2DDDF6C72A5D87F00057447E /* division.wav */,
				2DDDF6B92A5D87ED0057447E /* equal.wav */,
				2DDDF6C12A5D87EF0057447E /* multiplication.wav */,
				2DDDF6B72A5D87ED0057447E /* percent.wav */,
				2DDDF6BB2A5D87EE0057447E /* plus-minus.wav */,
				2DDDF6B82A5D87ED0057447E /* point.wav */,
				2DDDF6BC2A5D87EE0057447E /* subtraction.wav */,
			);
			name = Sounds;
			path = ../Sounds;
			sourceTree = "<group>";
		};
/* End PBXGroup section */

/* Begin PBXNativeTarget section */
		2D36A0582A55B1AE00B419A2 /* BattleCalculator */ = {
			isa = PBXNativeTarget;
			buildConfigurationList = 2D36A06D2A55B1B000B419A2 /* Build configuration list for PBXNativeTarget "BattleCalculator" */;
			buildPhases = (
				2D36A0552A55B1AE00B419A2 /* Sources */,
				2D36A0562A55B1AE00B419A2 /* Frameworks */,
				2D36A0572A55B1AE00B419A2 /* Resources */,
			);
			buildRules = (
			);
			dependencies = (
			);
			name = BattleCalculator;
			productName = MagicCalculator;
			productReference = 2D36A0592A55B1AE00B419A2 /* BattleCalculator.app */;
			productType = "com.apple.product-type.application";
		};
/* End PBXNativeTarget section */

/* Begin PBXProject section */
		2D36A0512A55B1AE00B419A2 /* Project object */ = {
			isa = PBXProject;
			attributes = {
				BuildIndependentTargetsInParallel = 1;
				LastSwiftUpdateCheck = 1420;
				LastUpgradeCheck = 1420;
				TargetAttributes = {
					2D36A0582A55B1AE00B419A2 = {
						CreatedOnToolsVersion = 14.2;
					};
				};
			};
			buildConfigurationList = 2D36A0542A55B1AE00B419A2 /* Build configuration list for PBXProject "BattleCalculator" */;
			compatibilityVersion = "Xcode 14.0";
			developmentRegion = en;
			hasScannedForEncodings = 0;
			knownRegions = (
				en,
				Base,
			);
			mainGroup = 2D36A0502A55B1AE00B419A2;
			productRefGroup = 2D36A05A2A55B1AE00B419A2 /* Products */;
			projectDirPath = "";
			projectRoot = "";
			targets = (
				2D36A0582A55B1AE00B419A2 /* BattleCalculator */,
			);
		};
/* End PBXProject section */

/* Begin PBXResourcesBuildPhase section */
		2D36A0572A55B1AE00B419A2 /* Resources */ = {
			isa = PBXResourcesBuildPhase;
			buildActionMask = 2147483647;
			files = (
				2DDDF6D32A5D87F00057447E /* 3.wav in Resources */,
				2DDDF6D82A5D87F00057447E /* 0.wav in Resources */,
				2DDDF6D92A5D87F00057447E /* 5.wav in Resources */,
				2DDDF6D02A5D87F00057447E /* 1.wav in Resources */,
				2DDDF6CC2A5D87F00057447E /* equal.wav in Resources */,
				2D36A0692A55B1B000B419A2 /* LaunchScreen.storyboard in Resources */,
				2DDDF6DA2A5D87F00057447E /* division.wav in Resources */,
				2DDDF6D22A5D87F00057447E /* addition.wav in Resources */,
				2D36A0662A55B1B000B419A2 /* Assets.xcassets in Resources */,
				2DDDF6D72A5D87F00057447E /* 9.wav in Resources */,
				2DDDF6CD2A5D87F00057447E /* 2.wav in Resources */,
				2DDDF6DB2A5D87F00057447E /* 4.wav in Resources */,
				2DDDF6D62A5D87F00057447E /* 7.wav in Resources */,
				2DDDF6D52A5D87F00057447E /* 6.wav in Resources */,
				2DDDF6C92A5D87F00057447E /* AC.wav in Resources */,
				2DDDF6CF2A5D87F00057447E /* subtraction.wav in Resources */,
				2D36A0642A55B1AE00B419A2 /* Main.storyboard in Resources */,
				2DDDF6D42A5D87F00057447E /* multiplication.wav in Resources */,
				2DDDF6CE2A5D87F00057447E /* plus-minus.wav in Resources */,
				2DDDF6D12A5D87F00057447E /* 8.wav in Resources */,
				2DDDF6CA2A5D87F00057447E /* percent.wav in Resources */,
				2DDDF6CB2A5D87F00057447E /* point.wav in Resources */,
			);
			runOnlyForDeploymentPostprocessing = 0;
		};
/* End PBXResourcesBuildPhase section */

/* Begin PBXSourcesBuildPhase section */
		2D36A0552A55B1AE00B419A2 /* Sources */ = {
			isa = PBXSourcesBuildPhase;
			buildActionMask = 2147483647;
			files = (
				2D5CD8032A56CA200028C1E2 /* CalculatorLogic.swift in Sources */,
				2D36A0612A55B1AE00B419A2 /* ViewController.swift in Sources */,
				2D36A05D2A55B1AE00B419A2 /* AppDelegate.swift in Sources */,
				2D36A05F2A55B1AE00B419A2 /* SceneDelegate.swift in Sources */,
			);
			runOnlyForDeploymentPostprocessing = 0;
		};
/* End PBXSourcesBuildPhase section */

/* Begin PBXVariantGroup section */
		2D36A0622A55B1AE00B419A2 /* Main.storyboard */ = {
			isa = PBXVariantGroup;
			children = (
				2D36A0632A55B1AE00B419A2 /* Base */,
			);
			name = Main.storyboard;
			sourceTree = "<group>";
		};
		2D36A0672A55B1B000B419A2 /* LaunchScreen.storyboard */ = {
			isa = PBXVariantGroup;
			children = (
				2D36A0682A55B1B000B419A2 /* Base */,
			);
			name = LaunchScreen.storyboard;
			sourceTree = "<group>";
		};
/* End PBXVariantGroup section */

/* Begin XCBuildConfiguration section */
		2D36A06B2A55B1B000B419A2 /* Debug */ = {
			isa = XCBuildConfiguration;
			buildSettings = {
				ALWAYS_SEARCH_USER_PATHS = NO;
				CLANG_ANALYZER_NONNULL = YES;
				CLANG_ANALYZER_NUMBER_OBJECT_CONVERSION = YES_AGGRESSIVE;
				CLANG_CXX_LANGUAGE_STANDARD = "gnu++20";
				CLANG_ENABLE_MODULES = YES;
				CLANG_ENABLE_OBJC_ARC = YES;
				CLANG_ENABLE_OBJC_WEAK = YES;
				CLANG_WARN_BLOCK_CAPTURE_AUTORELEASING = YES;
				CLANG_WARN_BOOL_CONVERSION = YES;
				CLANG_WARN_COMMA = YES;
				CLANG_WARN_CONSTANT_CONVERSION = YES;
				CLANG_WARN_DEPRECATED_OBJC_IMPLEMENTATIONS = YES;
				CLANG_WARN_DIRECT_OBJC_ISA_USAGE = YES_ERROR;
				CLANG_WARN_DOCUMENTATION_COMMENTS = YES;
				CLANG_WARN_EMPTY_BODY = YES;
				CLANG_WARN_ENUM_CONVERSION = YES;
				CLANG_WARN_INFINITE_RECURSION = YES;
				CLANG_WARN_INT_CONVERSION = YES;
				CLANG_WARN_NON_LITERAL_NULL_CONVERSION = YES;
				CLANG_WARN_OBJC_IMPLICIT_RETAIN_SELF = YES;
				CLANG_WARN_OBJC_LITERAL_CONVERSION = YES;
				CLANG_WARN_OBJC_ROOT_CLASS = YES_ERROR;
				CLANG_WARN_QUOTED_INCLUDE_IN_FRAMEWORK_HEADER = YES;
				CLANG_WARN_RANGE_LOOP_ANALYSIS = YES;
				CLANG_WARN_STRICT_PROTOTYPES = YES;
				CLANG_WARN_SUSPICIOUS_MOVE = YES;
				CLANG_WARN_UNGUARDED_AVAILABILITY = YES_AGGRESSIVE;
				CLANG_WARN_UNREACHABLE_CODE = YES;
				CLANG_WARN__DUPLICATE_METHOD_MATCH = YES;
				COPY_PHASE_STRIP = NO;
				DEBUG_INFORMATION_FORMAT = dwarf;
				ENABLE_STRICT_OBJC_MSGSEND = YES;
				ENABLE_TESTABILITY = YES;
				GCC_C_LANGUAGE_STANDARD = gnu11;
				GCC_DYNAMIC_NO_PIC = NO;
				GCC_NO_COMMON_BLOCKS = YES;
				GCC_OPTIMIZATION_LEVEL = 0;
				GCC_PREPROCESSOR_DEFINITIONS = (
					"DEBUG=1",
					"$(inherited)",
				);
				GCC_WARN_64_TO_32_BIT_CONVERSION = YES;
				GCC_WARN_ABOUT_RETURN_TYPE = YES_ERROR;
				GCC_WARN_UNDECLARED_SELECTOR = YES;
				GCC_WARN_UNINITIALIZED_AUTOS = YES_AGGRESSIVE;
				GCC_WARN_UNUSED_FUNCTION = YES;
				GCC_WARN_UNUSED_VARIABLE = YES;
				IPHONEOS_DEPLOYMENT_TARGET = 16.2;
				MTL_ENABLE_DEBUG_INFO = INCLUDE_SOURCE;
				MTL_FAST_MATH = YES;
				ONLY_ACTIVE_ARCH = YES;
				SDKROOT = iphoneos;
				SWIFT_ACTIVE_COMPILATION_CONDITIONS = DEBUG;
				SWIFT_OPTIMIZATION_LEVEL = "-Onone";
			};
			name = Debug;
		};
		2D36A06C2A55B1B000B419A2 /* Release */ = {
			isa = XCBuildConfiguration;
			buildSettings = {
				ALWAYS_SEARCH_USER_PATHS = NO;
				CLANG_ANALYZER_NONNULL = YES;
				CLANG_ANALYZER_NUMBER_OBJECT_CONVERSION = YES_AGGRESSIVE;
				CLANG_CXX_LANGUAGE_STANDARD = "gnu++20";
				CLANG_ENABLE_MODULES = YES;
				CLANG_ENABLE_OBJC_ARC = YES;
				CLANG_ENABLE_OBJC_WEAK = YES;
				CLANG_WARN_BLOCK_CAPTURE_AUTORELEASING = YES;
				CLANG_WARN_BOOL_CONVERSION = YES;
				CLANG_WARN_COMMA = YES;
				CLANG_WARN_CONSTANT_CONVERSION = YES;
				CLANG_WARN_DEPRECATED_OBJC_IMPLEMENTATIONS = YES;
				CLANG_WARN_DIRECT_OBJC_ISA_USAGE = YES_ERROR;
				CLANG_WARN_DOCUMENTATION_COMMENTS = YES;
				CLANG_WARN_EMPTY_BODY = YES;
				CLANG_WARN_ENUM_CONVERSION = YES;
				CLANG_WARN_INFINITE_RECURSION = YES;
				CLANG_WARN_INT_CONVERSION = YES;
				CLANG_WARN_NON_LITERAL_NULL_CONVERSION = YES;
				CLANG_WARN_OBJC_IMPLICIT_RETAIN_SELF = YES;
				CLANG_WARN_OBJC_LITERAL_CONVERSION = YES;
				CLANG_WARN_OBJC_ROOT_CLASS = YES_ERROR;
				CLANG_WARN_QUOTED_INCLUDE_IN_FRAMEWORK_HEADER = YES;
				CLANG_WARN_RANGE_LOOP_ANALYSIS = YES;
				CLANG_WARN_STRICT_PROTOTYPES = YES;
				CLANG_WARN_SUSPICIOUS_MOVE = YES;
				CLANG_WARN_UNGUARDED_AVAILABILITY = YES_AGGRESSIVE;
				CLANG_WARN_UNREACHABLE_CODE = YES;
				CLANG_WARN__DUPLICATE_METHOD_MATCH = YES;
				COPY_PHASE_STRIP = NO;
				DEBUG_INFORMATION_FORMAT = "dwarf-with-dsym";
				ENABLE_NS_ASSERTIONS = NO;
				ENABLE_STRICT_OBJC_MSGSEND = YES;
				GCC_C_LANGUAGE_STANDARD = gnu11;
				GCC_NO_COMMON_BLOCKS = YES;
				GCC_WARN_64_TO_32_BIT_CONVERSION = YES;
				GCC_WARN_ABOUT_RETURN_TYPE = YES_ERROR;
				GCC_WARN_UNDECLARED_SELECTOR = YES;
				GCC_WARN_UNINITIALIZED_AUTOS = YES_AGGRESSIVE;
				GCC_WARN_UNUSED_FUNCTION = YES;
				GCC_WARN_UNUSED_VARIABLE = YES;
				IPHONEOS_DEPLOYMENT_TARGET = 16.2;
				MTL_ENABLE_DEBUG_INFO = NO;
				MTL_FAST_MATH = YES;
				SDKROOT = iphoneos;
				SWIFT_COMPILATION_MODE = wholemodule;
				SWIFT_OPTIMIZATION_LEVEL = "-O";
				VALIDATE_PRODUCT = YES;
			};
			name = Release;
		};
		2D36A06E2A55B1B000B419A2 /* Debug */ = {
			isa = XCBuildConfiguration;
			buildSettings = {
				ASSETCATALOG_COMPILER_APPICON_NAME = AppIcon;
				ASSETCATALOG_COMPILER_GLOBAL_ACCENT_COLOR_NAME = AccentColor;
				CODE_SIGN_STYLE = Automatic;
				CURRENT_PROJECT_VERSION = 1;
				DEVELOPMENT_TEAM = 37ZL29M97N;
				GENERATE_INFOPLIST_FILE = YES;
				INFOPLIST_FILE = BattleCalculator/Info.plist;
				INFOPLIST_KEY_UIApplicationSupportsIndirectInputEvents = YES;
				INFOPLIST_KEY_UILaunchStoryboardName = LaunchScreen;
				INFOPLIST_KEY_UIMainStoryboardFile = Main;
				INFOPLIST_KEY_UISupportedInterfaceOrientations_iPad = "UIInterfaceOrientationPortrait UIInterfaceOrientationPortraitUpsideDown UIInterfaceOrientationLandscapeLeft UIInterfaceOrientationLandscapeRight";
				INFOPLIST_KEY_UISupportedInterfaceOrientations_iPhone = "UIInterfaceOrientationPortrait UIInterfaceOrientationLandscapeLeft UIInterfaceOrientationLandscapeRight";
				IPHONEOS_DEPLOYMENT_TARGET = 15.0;
				LD_RUNPATH_SEARCH_PATHS = (
					"$(inherited)",
					"@executable_path/Frameworks",
				);
				MARKETING_VERSION = 1.0;
				PRODUCT_BUNDLE_IDENTIFIER = com.jurilorenz.BattleCalculator;
				PRODUCT_NAME = "$(TARGET_NAME)";
				SWIFT_EMIT_LOC_STRINGS = YES;
				SWIFT_VERSION = 5.0;
				TARGETED_DEVICE_FAMILY = "1,2";
			};
			name = Debug;
		};
		2D36A06F2A55B1B000B419A2 /* Release */ = {
			isa = XCBuildConfiguration;
			buildSettings = {
				ASSETCATALOG_COMPILER_APPICON_NAME = AppIcon;
				ASSETCATALOG_COMPILER_GLOBAL_ACCENT_COLOR_NAME = AccentColor;
				CODE_SIGN_STYLE = Automatic;
				CURRENT_PROJECT_VERSION = 1;
				DEVELOPMENT_TEAM = 37ZL29M97N;
				GENERATE_INFOPLIST_FILE = YES;
				INFOPLIST_FILE = BattleCalculator/Info.plist;
				INFOPLIST_KEY_UIApplicationSupportsIndirectInputEvents = YES;
				INFOPLIST_KEY_UILaunchStoryboardName = LaunchScreen;
				INFOPLIST_KEY_UIMainStoryboardFile = Main;
				INFOPLIST_KEY_UISupportedInterfaceOrientations_iPad = "UIInterfaceOrientationPortrait UIInterfaceOrientationPortraitUpsideDown UIInterfaceOrientationLandscapeLeft UIInterfaceOrientationLandscapeRight";
				INFOPLIST_KEY_UISupportedInterfaceOrientations_iPhone = "UIInterfaceOrientationPortrait UIInterfaceOrientationLandscapeLeft UIInterfaceOrientationLandscapeRight";
				IPHONEOS_DEPLOYMENT_TARGET = 15.0;
				LD_RUNPATH_SEARCH_PATHS = (
					"$(inherited)",
					"@executable_path/Frameworks",
				);
				MARKETING_VERSION = 1.0;
				PRODUCT_BUNDLE_IDENTIFIER = com.jurilorenz.BattleCalculator;
				PRODUCT_NAME = "$(TARGET_NAME)";
				SWIFT_EMIT_LOC_STRINGS = YES;
				SWIFT_VERSION = 5.0;
				TARGETED_DEVICE_FAMILY = "1,2";
			};
			name = Release;
		};
/* End XCBuildConfiguration section */

/* Begin XCConfigurationList section */
		2D36A0542A55B1AE00B419A2 /* Build configuration list for PBXProject "BattleCalculator" */ = {
			isa = XCConfigurationList;
			buildConfigurations = (
				2D36A06B2A55B1B000B419A2 /* Debug */,
				2D36A06C2A55B1B000B419A2 /* Release */,
			);
			defaultConfigurationIsVisible = 0;
			defaultConfigurationName = Release;
		};
		2D36A06D2A55B1B000B419A2 /* Build configuration list for PBXNativeTarget "BattleCalculator" */ = {
			isa = XCConfigurationList;
			buildConfigurations = (
				2D36A06E2A55B1B000B419A2 /* Debug */,
				2D36A06F2A55B1B000B419A2 /* Release */,
			);
			defaultConfigurationIsVisible = 0;
			defaultConfigurationName = Release;
		};
/* End XCConfigurationList section */
	};
	rootObject = 2D36A0512A55B1AE00B419A2 /* Project object */;
}
